// !$*UTF8*$!
{
	archiveVersion = 1;
	classes = {
	};
	objectVersion = 56;
	objects = {

/* Begin PBXBuildFile section */
		3A6193252B8DB7EC0054D1D6 /* DemonCollectionViewCell.swift in Sources */ = {isa = PBXBuildFile; fileRef = 3A6193242B8DB7EC0054D1D6 /* DemonCollectionViewCell.swift */; };
		3AA9A80F2B8724A00002B1CA /* AppDelegate.swift in Sources */ = {isa = PBXBuildFile; fileRef = 3AA9A80E2B8724A00002B1CA /* AppDelegate.swift */; };
		3AA9A8112B8724A00002B1CA /* SceneDelegate.swift in Sources */ = {isa = PBXBuildFile; fileRef = 3AA9A8102B8724A00002B1CA /* SceneDelegate.swift */; };
		3AA9A8132B8724A00002B1CA /* MainViewController.swift in Sources */ = {isa = PBXBuildFile; fileRef = 3AA9A8122B8724A00002B1CA /* MainViewController.swift */; };
		3AA9A8182B8724A30002B1CA /* Assets.xcassets in Resources */ = {isa = PBXBuildFile; fileRef = 3AA9A8172B8724A30002B1CA /* Assets.xcassets */; };
		3AA9A81B2B8724A30002B1CA /* LaunchScreen.storyboard in Resources */ = {isa = PBXBuildFile; fileRef = 3AA9A8192B8724A30002B1CA /* LaunchScreen.storyboard */; };
		3AA9A8242B8726360002B1CA /* MainInteractor.swift in Sources */ = {isa = PBXBuildFile; fileRef = 3AA9A8232B8726360002B1CA /* MainInteractor.swift */; };
		3AA9A8262B87263F0002B1CA /* MainPresenter.swift in Sources */ = {isa = PBXBuildFile; fileRef = 3AA9A8252B87263F0002B1CA /* MainPresenter.swift */; };
		3AA9A8282B8726560002B1CA /* MainEntity.swift in Sources */ = {isa = PBXBuildFile; fileRef = 3AA9A8272B8726560002B1CA /* MainEntity.swift */; };
		3AA9A82A2B87265E0002B1CA /* MainRouter.swift in Sources */ = {isa = PBXBuildFile; fileRef = 3AA9A8292B87265E0002B1CA /* MainRouter.swift */; };
		3AA9A82D2B872AC20002B1CA /* Alamofire in Frameworks */ = {isa = PBXBuildFile; productRef = 3AA9A82C2B872AC20002B1CA /* Alamofire */; };
		3AA9A8322B874BE80002B1CA /* Endpoints.swift in Sources */ = {isa = PBXBuildFile; fileRef = 3AA9A8312B874BE80002B1CA /* Endpoints.swift */; };
		3AA9A8342B874C220002B1CA /* Errors.swift in Sources */ = {isa = PBXBuildFile; fileRef = 3AA9A8332B874C220002B1CA /* Errors.swift */; };
		3AED6E0D2B8F53090011F2F8 /* AlamofireImage in Frameworks */ = {isa = PBXBuildFile; productRef = 3AED6E0C2B8F53090011F2F8 /* AlamofireImage */; };
/* End PBXBuildFile section */

/* Begin PBXFileReference section */
		3A6193242B8DB7EC0054D1D6 /* DemonCollectionViewCell.swift */ = {isa = PBXFileReference; lastKnownFileType = sourcecode.swift; path = DemonCollectionViewCell.swift; sourceTree = "<group>"; };
		3AA9A80B2B8724A00002B1CA /* HeartstoneViperUIKit.app */ = {isa = PBXFileReference; explicitFileType = wrapper.application; includeInIndex = 0; path = HeartstoneViperUIKit.app; sourceTree = BUILT_PRODUCTS_DIR; };
		3AA9A80E2B8724A00002B1CA /* AppDelegate.swift */ = {isa = PBXFileReference; lastKnownFileType = sourcecode.swift; path = AppDelegate.swift; sourceTree = "<group>"; };
		3AA9A8102B8724A00002B1CA /* SceneDelegate.swift */ = {isa = PBXFileReference; lastKnownFileType = sourcecode.swift; path = SceneDelegate.swift; sourceTree = "<group>"; };
		3AA9A8122B8724A00002B1CA /* MainViewController.swift */ = {isa = PBXFileReference; lastKnownFileType = sourcecode.swift; path = MainViewController.swift; sourceTree = "<group>"; };
		3AA9A8172B8724A30002B1CA /* Assets.xcassets */ = {isa = PBXFileReference; lastKnownFileType = folder.assetcatalog; path = Assets.xcassets; sourceTree = "<group>"; };
		3AA9A81A2B8724A30002B1CA /* Base */ = {isa = PBXFileReference; lastKnownFileType = file.storyboard; name = Base; path = Base.lproj/LaunchScreen.storyboard; sourceTree = "<group>"; };
		3AA9A81C2B8724A30002B1CA /* Info.plist */ = {isa = PBXFileReference; lastKnownFileType = text.plist.xml; path = Info.plist; sourceTree = "<group>"; };
		3AA9A8232B8726360002B1CA /* MainInteractor.swift */ = {isa = PBXFileReference; lastKnownFileType = sourcecode.swift; path = MainInteractor.swift; sourceTree = "<group>"; };
		3AA9A8252B87263F0002B1CA /* MainPresenter.swift */ = {isa = PBXFileReference; lastKnownFileType = sourcecode.swift; path = MainPresenter.swift; sourceTree = "<group>"; };
		3AA9A8272B8726560002B1CA /* MainEntity.swift */ = {isa = PBXFileReference; lastKnownFileType = sourcecode.swift; path = MainEntity.swift; sourceTree = "<group>"; };
		3AA9A8292B87265E0002B1CA /* MainRouter.swift */ = {isa = PBXFileReference; lastKnownFileType = sourcecode.swift; path = MainRouter.swift; sourceTree = "<group>"; };
		3AA9A8312B874BE80002B1CA /* Endpoints.swift */ = {isa = PBXFileReference; lastKnownFileType = sourcecode.swift; path = Endpoints.swift; sourceTree = "<group>"; };
		3AA9A8332B874C220002B1CA /* Errors.swift */ = {isa = PBXFileReference; lastKnownFileType = sourcecode.swift; path = Errors.swift; sourceTree = "<group>"; };
/* End PBXFileReference section */

/* Begin PBXFrameworksBuildPhase section */
		3AA9A8082B8724A00002B1CA /* Frameworks */ = {
			isa = PBXFrameworksBuildPhase;
			buildActionMask = 2147483647;
			files = (
				3AA9A82D2B872AC20002B1CA /* Alamofire in Frameworks */,
				3AED6E0D2B8F53090011F2F8 /* AlamofireImage in Frameworks */,
			);
			runOnlyForDeploymentPostprocessing = 0;
		};
/* End PBXFrameworksBuildPhase section */

/* Begin PBXGroup section */
		3AA9A8022B8724A00002B1CA = {
			isa = PBXGroup;
			children = (
				3AA9A80D2B8724A00002B1CA /* HeartstoneViperUIKit */,
				3AA9A80C2B8724A00002B1CA /* Products */,
			);
			sourceTree = "<group>";
		};
		3AA9A80C2B8724A00002B1CA /* Products */ = {
			isa = PBXGroup;
			children = (
				3AA9A80B2B8724A00002B1CA /* HeartstoneViperUIKit.app */,
			);
			name = Products;
			sourceTree = "<group>";
		};
		3AA9A80D2B8724A00002B1CA /* HeartstoneViperUIKit */ = {
			isa = PBXGroup;
			children = (
				3AA9A80E2B8724A00002B1CA /* AppDelegate.swift */,
				3AA9A8102B8724A00002B1CA /* SceneDelegate.swift */,
				3AED6E0A2B8F4C8C0011F2F8 /* Helpers */,
				3AA9A8302B874BCF0002B1CA /* Network */,
				3AA9A8222B8726220002B1CA /* MainScreen */,
				3AA9A8172B8724A30002B1CA /* Assets.xcassets */,
				3AA9A8192B8724A30002B1CA /* LaunchScreen.storyboard */,
				3AA9A81C2B8724A30002B1CA /* Info.plist */,
			);
			path = HeartstoneViperUIKit;
			sourceTree = "<group>";
		};
		3AA9A8222B8726220002B1CA /* MainScreen */ = {
			isa = PBXGroup;
			children = (
				3AA9A8352B8751BC0002B1CA /* MainView */,
				3AA9A8232B8726360002B1CA /* MainInteractor.swift */,
				3AA9A8252B87263F0002B1CA /* MainPresenter.swift */,
				3AA9A8272B8726560002B1CA /* MainEntity.swift */,
				3AA9A8292B87265E0002B1CA /* MainRouter.swift */,
			);
			path = MainScreen;
			sourceTree = "<group>";
		};
		3AA9A8302B874BCF0002B1CA /* Network */ = {
			isa = PBXGroup;
			children = (
				3AA9A8312B874BE80002B1CA /* Endpoints.swift */,
				3AA9A8332B874C220002B1CA /* Errors.swift */,
			);
			path = Network;
			sourceTree = "<group>";
		};
		3AA9A8352B8751BC0002B1CA /* MainView */ = {
			isa = PBXGroup;
			children = (
				3AA9A8122B8724A00002B1CA /* MainViewController.swift */,
				3A6193242B8DB7EC0054D1D6 /* DemonCollectionViewCell.swift */,
			);
			path = MainView;
			sourceTree = "<group>";
		};
		3AED6E0A2B8F4C8C0011F2F8 /* Helpers */ = {
			isa = PBXGroup;
			children = (
			);
			path = Helpers;
			sourceTree = "<group>";
		};
/* End PBXGroup section */

/* Begin PBXNativeTarget section */
		3AA9A80A2B8724A00002B1CA /* HeartstoneViperUIKit */ = {
			isa = PBXNativeTarget;
			buildConfigurationList = 3AA9A81F2B8724A30002B1CA /* Build configuration list for PBXNativeTarget "HeartstoneViperUIKit" */;
			buildPhases = (
				3AA9A8072B8724A00002B1CA /* Sources */,
				3AA9A8082B8724A00002B1CA /* Frameworks */,
				3AA9A8092B8724A00002B1CA /* Resources */,
			);
			buildRules = (
			);
			dependencies = (
			);
			name = HeartstoneViperUIKit;
			packageProductDependencies = (
				3AA9A82C2B872AC20002B1CA /* Alamofire */,
				3AED6E0C2B8F53090011F2F8 /* AlamofireImage */,
			);
			productName = HeartstoneViperUIKit;
			productReference = 3AA9A80B2B8724A00002B1CA /* HeartstoneViperUIKit.app */;
			productType = "com.apple.product-type.application";
		};
/* End PBXNativeTarget section */

/* Begin PBXProject section */
		3AA9A8032B8724A00002B1CA /* Project object */ = {
			isa = PBXProject;
			attributes = {
				BuildIndependentTargetsInParallel = 1;
				LastSwiftUpdateCheck = 1520;
				LastUpgradeCheck = 1520;
				TargetAttributes = {
					3AA9A80A2B8724A00002B1CA = {
						CreatedOnToolsVersion = 15.2;
					};
				};
			};
			buildConfigurationList = 3AA9A8062B8724A00002B1CA /* Build configuration list for PBXProject "HeartstoneViperUIKit" */;
			compatibilityVersion = "Xcode 14.0";
			developmentRegion = en;
			hasScannedForEncodings = 0;
			knownRegions = (
				en,
				Base,
			);
			mainGroup = 3AA9A8022B8724A00002B1CA;
			packageReferences = (
				3AA9A82B2B872AC20002B1CA /* XCRemoteSwiftPackageReference "Alamofire" */,
				3AED6E0B2B8F53090011F2F8 /* XCRemoteSwiftPackageReference "AlamofireImage" */,
			);
			productRefGroup = 3AA9A80C2B8724A00002B1CA /* Products */;
			projectDirPath = "";
			projectRoot = "";
			targets = (
				3AA9A80A2B8724A00002B1CA /* HeartstoneViperUIKit */,
			);
		};
/* End PBXProject section */

/* Begin PBXResourcesBuildPhase section */
		3AA9A8092B8724A00002B1CA /* Resources */ = {
			isa = PBXResourcesBuildPhase;
			buildActionMask = 2147483647;
			files = (
				3AA9A81B2B8724A30002B1CA /* LaunchScreen.storyboard in Resources */,
				3AA9A8182B8724A30002B1CA /* Assets.xcassets in Resources */,
			);
			runOnlyForDeploymentPostprocessing = 0;
		};
/* End PBXResourcesBuildPhase section */

/* Begin PBXSourcesBuildPhase section */
		3AA9A8072B8724A00002B1CA /* Sources */ = {
			isa = PBXSourcesBuildPhase;
			buildActionMask = 2147483647;
			files = (
				3AA9A8262B87263F0002B1CA /* MainPresenter.swift in Sources */,
				3A6193252B8DB7EC0054D1D6 /* DemonCollectionViewCell.swift in Sources */,
				3AA9A82A2B87265E0002B1CA /* MainRouter.swift in Sources */,
				3AA9A8132B8724A00002B1CA /* MainViewController.swift in Sources */,
				3AA9A80F2B8724A00002B1CA /* AppDelegate.swift in Sources */,
				3AA9A8112B8724A00002B1CA /* SceneDelegate.swift in Sources */,
				3AA9A8242B8726360002B1CA /* MainInteractor.swift in Sources */,
				3AA9A8322B874BE80002B1CA /* Endpoints.swift in Sources */,
				3AA9A8342B874C220002B1CA /* Errors.swift in Sources */,
				3AA9A8282B8726560002B1CA /* MainEntity.swift in Sources */,
			);
			runOnlyForDeploymentPostprocessing = 0;
		};
/* End PBXSourcesBuildPhase section */

/* Begin PBXVariantGroup section */
		3AA9A8192B8724A30002B1CA /* LaunchScreen.storyboard */ = {
			isa = PBXVariantGroup;
			children = (
				3AA9A81A2B8724A30002B1CA /* Base */,
			);
			name = LaunchScreen.storyboard;
			sourceTree = "<group>";
		};
/* End PBXVariantGroup section */

/* Begin XCBuildConfiguration section */
		3AA9A81D2B8724A30002B1CA /* Debug */ = {
			isa = XCBuildConfiguration;
			buildSettings = {
				ALWAYS_SEARCH_USER_PATHS = NO;
				ASSETCATALOG_COMPILER_GENERATE_SWIFT_ASSET_SYMBOL_EXTENSIONS = YES;
				CLANG_ANALYZER_NONNULL = YES;
				CLANG_ANALYZER_NUMBER_OBJECT_CONVERSION = YES_AGGRESSIVE;
				CLANG_CXX_LANGUAGE_STANDARD = "gnu++20";
				CLANG_ENABLE_MODULES = YES;
				CLANG_ENABLE_OBJC_ARC = YES;
				CLANG_ENABLE_OBJC_WEAK = YES;
				CLANG_WARN_BLOCK_CAPTURE_AUTORELEASING = YES;
				CLANG_WARN_BOOL_CONVERSION = YES;
				CLANG_WARN_COMMA = YES;
				CLANG_WARN_CONSTANT_CONVERSION = YES;
				CLANG_WARN_DEPRECATED_OBJC_IMPLEMENTATIONS = YES;
				CLANG_WARN_DIRECT_OBJC_ISA_USAGE = YES_ERROR;
				CLANG_WARN_DOCUMENTATION_COMMENTS = YES;
				CLANG_WARN_EMPTY_BODY = YES;
				CLANG_WARN_ENUM_CONVERSION = YES;
				CLANG_WARN_INFINITE_RECURSION = YES;
				CLANG_WARN_INT_CONVERSION = YES;
				CLANG_WARN_NON_LITERAL_NULL_CONVERSION = YES;
				CLANG_WARN_OBJC_IMPLICIT_RETAIN_SELF = YES;
				CLANG_WARN_OBJC_LITERAL_CONVERSION = YES;
				CLANG_WARN_OBJC_ROOT_CLASS = YES_ERROR;
				CLANG_WARN_QUOTED_INCLUDE_IN_FRAMEWORK_HEADER = YES;
				CLANG_WARN_RANGE_LOOP_ANALYSIS = YES;
				CLANG_WARN_STRICT_PROTOTYPES = YES;
				CLANG_WARN_SUSPICIOUS_MOVE = YES;
				CLANG_WARN_UNGUARDED_AVAILABILITY = YES_AGGRESSIVE;
				CLANG_WARN_UNREACHABLE_CODE = YES;
				CLANG_WARN__DUPLICATE_METHOD_MATCH = YES;
				COPY_PHASE_STRIP = NO;
				DEBUG_INFORMATION_FORMAT = dwarf;
				ENABLE_STRICT_OBJC_MSGSEND = YES;
				ENABLE_TESTABILITY = YES;
				ENABLE_USER_SCRIPT_SANDBOXING = YES;
				GCC_C_LANGUAGE_STANDARD = gnu17;
				GCC_DYNAMIC_NO_PIC = NO;
				GCC_NO_COMMON_BLOCKS = YES;
				GCC_OPTIMIZATION_LEVEL = 0;
				GCC_PREPROCESSOR_DEFINITIONS = (
					"DEBUG=1",
					"$(inherited)",
				);
				GCC_WARN_64_TO_32_BIT_CONVERSION = YES;
				GCC_WARN_ABOUT_RETURN_TYPE = YES_ERROR;
				GCC_WARN_UNDECLARED_SELECTOR = YES;
				GCC_WARN_UNINITIALIZED_AUTOS = YES_AGGRESSIVE;
				GCC_WARN_UNUSED_FUNCTION = YES;
				GCC_WARN_UNUSED_VARIABLE = YES;
				IPHONEOS_DEPLOYMENT_TARGET = 17.2;
				LOCALIZATION_PREFERS_STRING_CATALOGS = YES;
				MTL_ENABLE_DEBUG_INFO = INCLUDE_SOURCE;
				MTL_FAST_MATH = YES;
				ONLY_ACTIVE_ARCH = YES;
				SDKROOT = iphoneos;
				SWIFT_ACTIVE_COMPILATION_CONDITIONS = "DEBUG $(inherited)";
				SWIFT_OPTIMIZATION_LEVEL = "-Onone";
			};
			name = Debug;
		};
		3AA9A81E2B8724A30002B1CA /* Release */ = {
			isa = XCBuildConfiguration;
			buildSettings = {
				ALWAYS_SEARCH_USER_PATHS = NO;
				ASSETCATALOG_COMPILER_GENERATE_SWIFT_ASSET_SYMBOL_EXTENSIONS = YES;
				CLANG_ANALYZER_NONNULL = YES;
				CLANG_ANALYZER_NUMBER_OBJECT_CONVERSION = YES_AGGRESSIVE;
				CLANG_CXX_LANGUAGE_STANDARD = "gnu++20";
				CLANG_ENABLE_MODULES = YES;
				CLANG_ENABLE_OBJC_ARC = YES;
				CLANG_ENABLE_OBJC_WEAK = YES;
				CLANG_WARN_BLOCK_CAPTURE_AUTORELEASING = YES;
				CLANG_WARN_BOOL_CONVERSION = YES;
				CLANG_WARN_COMMA = YES;
				CLANG_WARN_CONSTANT_CONVERSION = YES;
				CLANG_WARN_DEPRECATED_OBJC_IMPLEMENTATIONS = YES;
				CLANG_WARN_DIRECT_OBJC_ISA_USAGE = YES_ERROR;
				CLANG_WARN_DOCUMENTATION_COMMENTS = YES;
				CLANG_WARN_EMPTY_BODY = YES;
				CLANG_WARN_ENUM_CONVERSION = YES;
				CLANG_WARN_INFINITE_RECURSION = YES;
				CLANG_WARN_INT_CONVERSION = YES;
				CLANG_WARN_NON_LITERAL_NULL_CONVERSION = YES;
				CLANG_WARN_OBJC_IMPLICIT_RETAIN_SELF = YES;
				CLANG_WARN_OBJC_LITERAL_CONVERSION = YES;
				CLANG_WARN_OBJC_ROOT_CLASS = YES_ERROR;
				CLANG_WARN_QUOTED_INCLUDE_IN_FRAMEWORK_HEADER = YES;
				CLANG_WARN_RANGE_LOOP_ANALYSIS = YES;
				CLANG_WARN_STRICT_PROTOTYPES = YES;
				CLANG_WARN_SUSPICIOUS_MOVE = YES;
				CLANG_WARN_UNGUARDED_AVAILABILITY = YES_AGGRESSIVE;
				CLANG_WARN_UNREACHABLE_CODE = YES;
				CLANG_WARN__DUPLICATE_METHOD_MATCH = YES;
				COPY_PHASE_STRIP = NO;
				DEBUG_INFORMATION_FORMAT = "dwarf-with-dsym";
				ENABLE_NS_ASSERTIONS = NO;
				ENABLE_STRICT_OBJC_MSGSEND = YES;
				ENABLE_USER_SCRIPT_SANDBOXING = YES;
				GCC_C_LANGUAGE_STANDARD = gnu17;
				GCC_NO_COMMON_BLOCKS = YES;
				GCC_WARN_64_TO_32_BIT_CONVERSION = YES;
				GCC_WARN_ABOUT_RETURN_TYPE = YES_ERROR;
				GCC_WARN_UNDECLARED_SELECTOR = YES;
				GCC_WARN_UNINITIALIZED_AUTOS = YES_AGGRESSIVE;
				GCC_WARN_UNUSED_FUNCTION = YES;
				GCC_WARN_UNUSED_VARIABLE = YES;
				IPHONEOS_DEPLOYMENT_TARGET = 17.2;
				LOCALIZATION_PREFERS_STRING_CATALOGS = YES;
				MTL_ENABLE_DEBUG_INFO = NO;
				MTL_FAST_MATH = YES;
				SDKROOT = iphoneos;
				SWIFT_COMPILATION_MODE = wholemodule;
				VALIDATE_PRODUCT = YES;
			};
			name = Release;
		};
		3AA9A8202B8724A30002B1CA /* Debug */ = {
			isa = XCBuildConfiguration;
			buildSettings = {
				ASSETCATALOG_COMPILER_APPICON_NAME = AppIcon;
				ASSETCATALOG_COMPILER_GLOBAL_ACCENT_COLOR_NAME = AccentColor;
				CODE_SIGN_STYLE = Automatic;
				CURRENT_PROJECT_VERSION = 1;
				DEVELOPMENT_TEAM = CD2H8U7Z2G;
				GENERATE_INFOPLIST_FILE = YES;
				INFOPLIST_FILE = HeartstoneViperUIKit/Info.plist;
				INFOPLIST_KEY_UIApplicationSupportsIndirectInputEvents = YES;
				INFOPLIST_KEY_UILaunchStoryboardName = LaunchScreen;
				INFOPLIST_KEY_UISupportedInterfaceOrientations_iPad = "UIInterfaceOrientationPortrait UIInterfaceOrientationPortraitUpsideDown UIInterfaceOrientationLandscapeLeft UIInterfaceOrientationLandscapeRight";
				INFOPLIST_KEY_UISupportedInterfaceOrientations_iPhone = "UIInterfaceOrientationPortrait UIInterfaceOrientationLandscapeLeft UIInterfaceOrientationLandscapeRight";
				IPHONEOS_DEPLOYMENT_TARGET = 15.0;
				LD_RUNPATH_SEARCH_PATHS = (
					"$(inherited)",
					"@executable_path/Frameworks",
				);
				MARKETING_VERSION = 1.0;
				PRODUCT_BUNDLE_IDENTIFIER = "Anton-Kasian.HeartstoneViperUIKit";
				PRODUCT_NAME = "$(TARGET_NAME)";
				SWIFT_EMIT_LOC_STRINGS = YES;
				SWIFT_VERSION = 5.0;
				TARGETED_DEVICE_FAMILY = "1,2";
			};
			name = Debug;
		};
		3AA9A8212B8724A30002B1CA /* Release */ = {
			isa = XCBuildConfiguration;
			buildSettings = {
				ASSETCATALOG_COMPILER_APPICON_NAME = AppIcon;
				ASSETCATALOG_COMPILER_GLOBAL_ACCENT_COLOR_NAME = AccentColor;
				CODE_SIGN_STYLE = Automatic;
				CURRENT_PROJECT_VERSION = 1;
				DEVELOPMENT_TEAM = CD2H8U7Z2G;
				GENERATE_INFOPLIST_FILE = YES;
				INFOPLIST_FILE = HeartstoneViperUIKit/Info.plist;
				INFOPLIST_KEY_UIApplicationSupportsIndirectInputEvents = YES;
				INFOPLIST_KEY_UILaunchStoryboardName = LaunchScreen;
				INFOPLIST_KEY_UISupportedInterfaceOrientations_iPad = "UIInterfaceOrientationPortrait UIInterfaceOrientationPortraitUpsideDown UIInterfaceOrientationLandscapeLeft UIInterfaceOrientationLandscapeRight";
				INFOPLIST_KEY_UISupportedInterfaceOrientations_iPhone = "UIInterfaceOrientationPortrait UIInterfaceOrientationLandscapeLeft UIInterfaceOrientationLandscapeRight";
				IPHONEOS_DEPLOYMENT_TARGET = 15.0;
				LD_RUNPATH_SEARCH_PATHS = (
					"$(inherited)",
					"@executable_path/Frameworks",
				);
				MARKETING_VERSION = 1.0;
				PRODUCT_BUNDLE_IDENTIFIER = "Anton-Kasian.HeartstoneViperUIKit";
				PRODUCT_NAME = "$(TARGET_NAME)";
				SWIFT_EMIT_LOC_STRINGS = YES;
				SWIFT_VERSION = 5.0;
				TARGETED_DEVICE_FAMILY = "1,2";
			};
			name = Release;
		};
/* End XCBuildConfiguration section */

/* Begin XCConfigurationList section */
		3AA9A8062B8724A00002B1CA /* Build configuration list for PBXProject "HeartstoneViperUIKit" */ = {
			isa = XCConfigurationList;
			buildConfigurations = (
				3AA9A81D2B8724A30002B1CA /* Debug */,
				3AA9A81E2B8724A30002B1CA /* Release */,
			);
			defaultConfigurationIsVisible = 0;
			defaultConfigurationName = Release;
		};
		3AA9A81F2B8724A30002B1CA /* Build configuration list for PBXNativeTarget "HeartstoneViperUIKit" */ = {
			isa = XCConfigurationList;
			buildConfigurations = (
				3AA9A8202B8724A30002B1CA /* Debug */,
				3AA9A8212B8724A30002B1CA /* Release */,
			);
			defaultConfigurationIsVisible = 0;
			defaultConfigurationName = Release;
		};
/* End XCConfigurationList section */

/* Begin XCRemoteSwiftPackageReference section */
		3AA9A82B2B872AC20002B1CA /* XCRemoteSwiftPackageReference "Alamofire" */ = {
			isa = XCRemoteSwiftPackageReference;
			repositoryURL = "https://github.com/Alamofire/Alamofire.git";
			requirement = {
				kind = upToNextMajorVersion;
				minimumVersion = 5.8.1;
			};
		};
		3AED6E0B2B8F53090011F2F8 /* XCRemoteSwiftPackageReference "AlamofireImage" */ = {
			isa = XCRemoteSwiftPackageReference;
			repositoryURL = "https://github.com/Alamofire/AlamofireImage";
			requirement = {
				kind = upToNextMajorVersion;
				minimumVersion = 4.3.0;
			};
		};
/* End XCRemoteSwiftPackageReference section */

/* Begin XCSwiftPackageProductDependency section */
		3AA9A82C2B872AC20002B1CA /* Alamofire */ = {
			isa = XCSwiftPackageProductDependency;
			package = 3AA9A82B2B872AC20002B1CA /* XCRemoteSwiftPackageReference "Alamofire" */;
			productName = Alamofire;
		};
		3AED6E0C2B8F53090011F2F8 /* AlamofireImage */ = {
			isa = XCSwiftPackageProductDependency;
			package = 3AED6E0B2B8F53090011F2F8 /* XCRemoteSwiftPackageReference "AlamofireImage" */;
			productName = AlamofireImage;
		};
/* End XCSwiftPackageProductDependency section */
	};
	rootObject = 3AA9A8032B8724A00002B1CA /* Project object */;
}
